
Microsoft Visual Studio Solution File, Format Version 12.00
# Visual Studio Version 17
VisualStudioVersion = 17.14.36401.2 d17.14
MinimumVisualStudioVersion = 10.0.40219.1
Project("{FAE04EC0-301F-11D3-BF4B-00C04F79EFBC}") = "Book-Store-API", "Book-Store-API\Book-Store-API.csproj", "{9F3E61C4-49BD-43E8-9357-9E6E58593C07}"
EndProject
Global
	GlobalSection(SolutionConfigurationPlatforms) = preSolution
		Debug|Any CPU = Debug|Any CPU
		Release|Any CPU = Release|Any CPU
	EndGlobalSection
	GlobalSection(ProjectConfigurationPlatforms) = postSolution
		{9F3E61C4-49BD-43E8-9357-9E6E58593C07}.Debug|Any CPU.ActiveCfg = Debug|Any CPU
		{9F3E61C4-49BD-43E8-9357-9E6E58593C07}.Debug|Any CPU.Build.0 = Debug|Any CPU
		{9F3E61C4-49BD-43E8-9357-9E6E58593C07}.Release|Any CPU.ActiveCfg = Release|Any CPU
		{9F3E61C4-49BD-43E8-9357-9E6E58593C07}.Release|Any CPU.Build.0 = Release|Any CPU
	EndGlobalSection
	GlobalSection(SolutionProperties) = preSolution
		HideSolutionNode = FALSE
	EndGlobalSection
	GlobalSection(ExtensibilityGlobals) = postSolution
		SolutionGuid = {7F553518-A2E2-4C7C-B821-D50271E083A4}
	EndGlobalSection
EndGlobal
